
Microsoft Visual Studio Solution File, Format Version 12.00
# Visual Studio 15
VisualStudioVersion = 15.0.28010.2048
MinimumVisualStudioVersion = 10.0.40219.1
Project("{FAE04EC0-301F-11D3-BF4B-00C04F79EFBC}") = "LearnRegex", "LearnRegex\LearnRegex.csproj", "{2CA07DDC-E8B9-4BF7-B280-81141645AF64}"
EndProject
Global
	GlobalSection(SolutionConfigurationPlatforms) = preSolution
		Debug|Any CPU = Debug|Any CPU
		Release|Any CPU = Release|Any CPU
	EndGlobalSection
	GlobalSection(ProjectConfigurationPlatforms) = postSolution
		{2CA07DDC-E8B9-4BF7-B280-81141645AF64}.Debug|Any CPU.ActiveCfg = Debug|Any CPU
		{2CA07DDC-E8B9-4BF7-B280-81141645AF64}.Debug|Any CPU.Build.0 = Debug|Any CPU
		{2CA07DDC-E8B9-4BF7-B280-81141645AF64}.Release|Any CPU.ActiveCfg = Release|Any CPU
		{2CA07DDC-E8B9-4BF7-B280-81141645AF64}.Release|Any CPU.Build.0 = Release|Any CPU
	EndGlobalSection
	GlobalSection(SolutionProperties) = preSolution
		HideSolutionNode = FALSE
	EndGlobalSection
	GlobalSection(ExtensibilityGlobals) = postSolution
		SolutionGuid = {523A901A-E956-46D9-930A-54AB80D0F008}
	EndGlobalSection
EndGlobal
