
Microsoft Visual Studio Solution File, Format Version 12.00
# Visual Studio 15
VisualStudioVersion = 15.0.28010.2048
MinimumVisualStudioVersion = 10.0.40219.1
Project("{FAE04EC0-301F-11D3-BF4B-00C04F79EFBC}") = "LearnRegexTests", "LearnRegexTests\LearnRegexTests.csproj", "{C09E42A6-7BE8-42C2-AE14-2763AA1F2B40}"
EndProject
Global
	GlobalSection(SolutionConfigurationPlatforms) = preSolution
		Debug|Any CPU = Debug|Any CPU
		Release|Any CPU = Release|Any CPU
	EndGlobalSection
	GlobalSection(ProjectConfigurationPlatforms) = postSolution
		{C09E42A6-7BE8-42C2-AE14-2763AA1F2B40}.Debug|Any CPU.ActiveCfg = Debug|Any CPU
		{C09E42A6-7BE8-42C2-AE14-2763AA1F2B40}.Debug|Any CPU.Build.0 = Debug|Any CPU
		{C09E42A6-7BE8-42C2-AE14-2763AA1F2B40}.Release|Any CPU.ActiveCfg = Release|Any CPU
		{C09E42A6-7BE8-42C2-AE14-2763AA1F2B40}.Release|Any CPU.Build.0 = Release|Any CPU
	EndGlobalSection
	GlobalSection(SolutionProperties) = preSolution
		HideSolutionNode = FALSE
	EndGlobalSection
	GlobalSection(ExtensibilityGlobals) = postSolution
		SolutionGuid = {D6E9AEB3-8CC0-4791-8A0F-92C6961F8C87}
	EndGlobalSection
EndGlobal
